dependencies:
- name: nginx-ingress
  repository: https://charts.helm.sh/stable
  version: 1.41.2
- name: mysql
  repository: https://charts.helm.sh/stable
  version: 1.6.7
digest: sha256:1606a328d9166f21a120e661bb6058f6400552dfaca530db0290fd6ef0d52016
generated: "2021-03-25T12:06:06.382319583+02:00"
